
Microsoft Visual Studio Solution File, Format Version 12.00
# Visual Studio Version 17
VisualStudioVersion = 17.10.35027.167
MinimumVisualStudioVersion = 10.0.40219.1
Project("{FAE04EC0-301F-11D3-BF4B-00C04F79EFBC}") = "server", "server.csproj", "{7083DE32-7473-4D02-8EE2-6F0695D7FA60}"
EndProject
Global
	GlobalSection(SolutionConfigurationPlatforms) = preSolution
		Debug|Any CPU = Debug|Any CPU
		Release|Any CPU = Release|Any CPU
	EndGlobalSection
	GlobalSection(ProjectConfigurationPlatforms) = postSolution
		{7083DE32-7473-4D02-8EE2-6F0695D7FA60}.Debug|Any CPU.ActiveCfg = Debug|Any CPU
		{7083DE32-7473-4D02-8EE2-6F0695D7FA60}.Debug|Any CPU.Build.0 = Debug|Any CPU
		{7083DE32-7473-4D02-8EE2-6F0695D7FA60}.Release|Any CPU.ActiveCfg = Release|Any CPU
		{7083DE32-7473-4D02-8EE2-6F0695D7FA60}.Release|Any CPU.Build.0 = Release|Any CPU
	EndGlobalSection
	GlobalSection(SolutionProperties) = preSolution
		HideSolutionNode = FALSE
	EndGlobalSection
	GlobalSection(ExtensibilityGlobals) = postSolution
		SolutionGuid = {3CF3267B-BF2D-4B08-BE2F-D64D6F25FFDA}
	EndGlobalSection
EndGlobal
